// !$*UTF8*$!
{
	archiveVersion = 1;
	classes = {
	};
	objectVersion = 50;
	objects = {

/* Begin PBXBuildFile section */
		7BFC0C5B2435BE70004E9CAC /* AppDelegate.swift in Sources */ = {isa = PBXBuildFile; fileRef = 7BFC0C5A2435BE70004E9CAC /* AppDelegate.swift */; };
		7BFC0C5D2435BE70004E9CAC /* SceneDelegate.swift in Sources */ = {isa = PBXBuildFile; fileRef = 7BFC0C5C2435BE70004E9CAC /* SceneDelegate.swift */; };
		7BFC0C622435BE70004E9CAC /* Main.storyboard in Resources */ = {isa = PBXBuildFile; fileRef = 7BFC0C602435BE70004E9CAC /* Main.storyboard */; };
		7BFC0C642435BE73004E9CAC /* Assets.xcassets in Resources */ = {isa = PBXBuildFile; fileRef = 7BFC0C632435BE73004E9CAC /* Assets.xcassets */; };
		7BFC0C672435BE73004E9CAC /* LaunchScreen.storyboard in Resources */ = {isa = PBXBuildFile; fileRef = 7BFC0C652435BE73004E9CAC /* LaunchScreen.storyboard */; };
		7BFC0C712435BEAC004E9CAC /* PinkViewController.swift in Sources */ = {isa = PBXBuildFile; fileRef = 7BFC0C702435BEAC004E9CAC /* PinkViewController.swift */; };
		7BFC0C732435BEB7004E9CAC /* TealViewController.swift in Sources */ = {isa = PBXBuildFile; fileRef = 7BFC0C722435BEB7004E9CAC /* TealViewController.swift */; };
/* End PBXBuildFile section */

/* Begin PBXFileReference section */
		7BFC0C572435BE70004E9CAC /* Beginner-Navigation-Controller.app */ = {isa = PBXFileReference; explicitFileType = wrapper.application; includeInIndex = 0; path = "Beginner-Navigation-Controller.app"; sourceTree = BUILT_PRODUCTS_DIR; };
		7BFC0C5A2435BE70004E9CAC /* AppDelegate.swift */ = {isa = PBXFileReference; lastKnownFileType = sourcecode.swift; path = AppDelegate.swift; sourceTree = "<group>"; };
		7BFC0C5C2435BE70004E9CAC /* SceneDelegate.swift */ = {isa = PBXFileReference; lastKnownFileType = sourcecode.swift; path = SceneDelegate.swift; sourceTree = "<group>"; };
		7BFC0C612435BE70004E9CAC /* Base */ = {isa = PBXFileReference; lastKnownFileType = file.storyboard; name = Base; path = Base.lproj/Main.storyboard; sourceTree = "<group>"; };
		7BFC0C632435BE73004E9CAC /* Assets.xcassets */ = {isa = PBXFileReference; lastKnownFileType = folder.assetcatalog; path = Assets.xcassets; sourceTree = "<group>"; };
		7BFC0C662435BE73004E9CAC /* Base */ = {isa = PBXFileReference; lastKnownFileType = file.storyboard; name = Base; path = Base.lproj/LaunchScreen.storyboard; sourceTree = "<group>"; };
		7BFC0C682435BE73004E9CAC /* Info.plist */ = {isa = PBXFileReference; lastKnownFileType = text.plist.xml; path = Info.plist; sourceTree = "<group>"; };
		7BFC0C702435BEAC004E9CAC /* PinkViewController.swift */ = {isa = PBXFileReference; lastKnownFileType = sourcecode.swift; path = PinkViewController.swift; sourceTree = "<group>"; };
		7BFC0C722435BEB7004E9CAC /* TealViewController.swift */ = {isa = PBXFileReference; lastKnownFileType = sourcecode.swift; path = TealViewController.swift; sourceTree = "<group>"; };
/* End PBXFileReference section */

/* Begin PBXFrameworksBuildPhase section */
		7BFC0C542435BE70004E9CAC /* Frameworks */ = {
			isa = PBXFrameworksBuildPhase;
			buildActionMask = 2147483647;
			files = (
			);
			runOnlyForDeploymentPostprocessing = 0;
		};
/* End PBXFrameworksBuildPhase section */

/* Begin PBXGroup section */
		7BFC0C4E2435BE70004E9CAC = {
			isa = PBXGroup;
			children = (
				7BFC0C592435BE70004E9CAC /* Beginner-Navigation-Controller */,
				7BFC0C582435BE70004E9CAC /* Products */,
			);
			sourceTree = "<group>";
		};
		7BFC0C582435BE70004E9CAC /* Products */ = {
			isa = PBXGroup;
			children = (
				7BFC0C572435BE70004E9CAC /* Beginner-Navigation-Controller.app */,
			);
			name = Products;
			sourceTree = "<group>";
		};
		7BFC0C592435BE70004E9CAC /* Beginner-Navigation-Controller */ = {
			isa = PBXGroup;
			children = (
				7BFC0C762435BEE1004E9CAC /* StoryBoard */,
				7BFC0C742435BEC0004E9CAC /* Controller */,
				7BFC0C5A2435BE70004E9CAC /* AppDelegate.swift */,
				7BFC0C5C2435BE70004E9CAC /* SceneDelegate.swift */,
				7BFC0C632435BE73004E9CAC /* Assets.xcassets */,
				7BFC0C682435BE73004E9CAC /* Info.plist */,
			);
			path = "Beginner-Navigation-Controller";
			sourceTree = "<group>";
		};
		7BFC0C742435BEC0004E9CAC /* Controller */ = {
			isa = PBXGroup;
			children = (
				7BFC0C702435BEAC004E9CAC /* PinkViewController.swift */,
				7BFC0C722435BEB7004E9CAC /* TealViewController.swift */,
			);
			path = Controller;
			sourceTree = "<group>";
		};
		7BFC0C762435BEE1004E9CAC /* StoryBoard */ = {
			isa = PBXGroup;
			children = (
				7BFC0C602435BE70004E9CAC /* Main.storyboard */,
				7BFC0C652435BE73004E9CAC /* LaunchScreen.storyboard */,
			);
			path = StoryBoard;
			sourceTree = "<group>";
		};
/* End PBXGroup section */

/* Begin PBXNativeTarget section */
		7BFC0C562435BE70004E9CAC /* Beginner-Navigation-Controller */ = {
			isa = PBXNativeTarget;
			buildConfigurationList = 7BFC0C6B2435BE73004E9CAC /* Build configuration list for PBXNativeTarget "Beginner-Navigation-Controller" */;
			buildPhases = (
				7BFC0C532435BE70004E9CAC /* Sources */,
				7BFC0C542435BE70004E9CAC /* Frameworks */,
				7BFC0C552435BE70004E9CAC /* Resources */,
			);
			buildRules = (
			);
			dependencies = (
			);
			name = "Beginner-Navigation-Controller";
			productName = "Beginner-Navigation-Controller";
			productReference = 7BFC0C572435BE70004E9CAC /* Beginner-Navigation-Controller.app */;
			productType = "com.apple.product-type.application";
		};
/* End PBXNativeTarget section */

/* Begin PBXProject section */
		7BFC0C4F2435BE70004E9CAC /* Project object */ = {
			isa = PBXProject;
			attributes = {
				LastSwiftUpdateCheck = 1110;
				LastUpgradeCheck = 1110;
				ORGANIZATIONNAME = AhtazazKhan;
				TargetAttributes = {
					7BFC0C562435BE70004E9CAC = {
						CreatedOnToolsVersion = 11.1;
					};
				};
			};
			buildConfigurationList = 7BFC0C522435BE70004E9CAC /* Build configuration list for PBXProject "Beginner-Navigation-Controller" */;
			compatibilityVersion = "Xcode 9.3";
			developmentRegion = en;
			hasScannedForEncodings = 0;
			knownRegions = (
				en,
				Base,
			);
			mainGroup = 7BFC0C4E2435BE70004E9CAC;
			productRefGroup = 7BFC0C582435BE70004E9CAC /* Products */;
			projectDirPath = "";
			projectRoot = "";
			targets = (
				7BFC0C562435BE70004E9CAC /* Beginner-Navigation-Controller */,
			);
		};
/* End PBXProject section */

/* Begin PBXResourcesBuildPhase section */
		7BFC0C552435BE70004E9CAC /* Resources */ = {
			isa = PBXResourcesBuildPhase;
			buildActionMask = 2147483647;
			files = (
				7BFC0C672435BE73004E9CAC /* LaunchScreen.storyboard in Resources */,
				7BFC0C642435BE73004E9CAC /* Assets.xcassets in Resources */,
				7BFC0C622435BE70004E9CAC /* Main.storyboard in Resources */,
			);
			runOnlyForDeploymentPostprocessing = 0;
		};
/* End PBXResourcesBuildPhase section */

/* Begin PBXSourcesBuildPhase section */
		7BFC0C532435BE70004E9CAC /* Sources */ = {
			isa = PBXSourcesBuildPhase;
			buildActionMask = 2147483647;
			files = (
				7BFC0C732435BEB7004E9CAC /* TealViewController.swift in Sources */,
				7BFC0C712435BEAC004E9CAC /* PinkViewController.swift in Sources */,
				7BFC0C5B2435BE70004E9CAC /* AppDelegate.swift in Sources */,
				7BFC0C5D2435BE70004E9CAC /* SceneDelegate.swift in Sources */,
			);
			runOnlyForDeploymentPostprocessing = 0;
		};
/* End PBXSourcesBuildPhase section */

/* Begin PBXVariantGroup section */
		7BFC0C602435BE70004E9CAC /* Main.storyboard */ = {
			isa = PBXVariantGroup;
			children = (
				7BFC0C612435BE70004E9CAC /* Base */,
			);
			name = Main.storyboard;
			sourceTree = "<group>";
		};
		7BFC0C652435BE73004E9CAC /* LaunchScreen.storyboard */ = {
			isa = PBXVariantGroup;
			children = (
				7BFC0C662435BE73004E9CAC /* Base */,
			);
			name = LaunchScreen.storyboard;
			sourceTree = "<group>";
		};
/* End PBXVariantGroup section */

/* Begin XCBuildConfiguration section */
		7BFC0C692435BE73004E9CAC /* Debug */ = {
			isa = XCBuildConfiguration;
			buildSettings = {
				ALWAYS_SEARCH_USER_PATHS = NO;
				CLANG_ANALYZER_NONNULL = YES;
				CLANG_ANALYZER_NUMBER_OBJECT_CONVERSION = YES_AGGRESSIVE;
				CLANG_CXX_LANGUAGE_STANDARD = "gnu++14";
				CLANG_CXX_LIBRARY = "libc++";
				CLANG_ENABLE_MODULES = YES;
				CLANG_ENABLE_OBJC_ARC = YES;
				CLANG_ENABLE_OBJC_WEAK = YES;
				CLANG_WARN_BLOCK_CAPTURE_AUTORELEASING = YES;
				CLANG_WARN_BOOL_CONVERSION = YES;
				CLANG_WARN_COMMA = YES;
				CLANG_WARN_CONSTANT_CONVERSION = YES;
				CLANG_WARN_DEPRECATED_OBJC_IMPLEMENTATIONS = YES;
				CLANG_WARN_DIRECT_OBJC_ISA_USAGE = YES_ERROR;
				CLANG_WARN_DOCUMENTATION_COMMENTS = YES;
				CLANG_WARN_EMPTY_BODY = YES;
				CLANG_WARN_ENUM_CONVERSION = YES;
				CLANG_WARN_INFINITE_RECURSION = YES;
				CLANG_WARN_INT_CONVERSION = YES;
				CLANG_WARN_NON_LITERAL_NULL_CONVERSION = YES;
				CLANG_WARN_OBJC_IMPLICIT_RETAIN_SELF = YES;
				CLANG_WARN_OBJC_LITERAL_CONVERSION = YES;
				CLANG_WARN_OBJC_ROOT_CLASS = YES_ERROR;
				CLANG_WARN_RANGE_LOOP_ANALYSIS = YES;
				CLANG_WARN_STRICT_PROTOTYPES = YES;
				CLANG_WARN_SUSPICIOUS_MOVE = YES;
				CLANG_WARN_UNGUARDED_AVAILABILITY = YES_AGGRESSIVE;
				CLANG_WARN_UNREACHABLE_CODE = YES;
				CLANG_WARN__DUPLICATE_METHOD_MATCH = YES;
				COPY_PHASE_STRIP = NO;
				DEBUG_INFORMATION_FORMAT = dwarf;
				ENABLE_STRICT_OBJC_MSGSEND = YES;
				ENABLE_TESTABILITY = YES;
				GCC_C_LANGUAGE_STANDARD = gnu11;
				GCC_DYNAMIC_NO_PIC = NO;
				GCC_NO_COMMON_BLOCKS = YES;
				GCC_OPTIMIZATION_LEVEL = 0;
				GCC_PREPROCESSOR_DEFINITIONS = (
					"DEBUG=1",
					"$(inherited)",
				);
				GCC_WARN_64_TO_32_BIT_CONVERSION = YES;
				GCC_WARN_ABOUT_RETURN_TYPE = YES_ERROR;
				GCC_WARN_UNDECLARED_SELECTOR = YES;
				GCC_WARN_UNINITIALIZED_AUTOS = YES_AGGRESSIVE;
				GCC_WARN_UNUSED_FUNCTION = YES;
				GCC_WARN_UNUSED_VARIABLE = YES;
				IPHONEOS_DEPLOYMENT_TARGET = 13.1;
				MTL_ENABLE_DEBUG_INFO = INCLUDE_SOURCE;
				MTL_FAST_MATH = YES;
				ONLY_ACTIVE_ARCH = YES;
				SDKROOT = iphoneos;
				SWIFT_ACTIVE_COMPILATION_CONDITIONS = DEBUG;
				SWIFT_OPTIMIZATION_LEVEL = "-Onone";
			};
			name = Debug;
		};
		7BFC0C6A2435BE73004E9CAC /* Release */ = {
			isa = XCBuildConfiguration;
			buildSettings = {
				ALWAYS_SEARCH_USER_PATHS = NO;
				CLANG_ANALYZER_NONNULL = YES;
				CLANG_ANALYZER_NUMBER_OBJECT_CONVERSION = YES_AGGRESSIVE;
				CLANG_CXX_LANGUAGE_STANDARD = "gnu++14";
				CLANG_CXX_LIBRARY = "libc++";
				CLANG_ENABLE_MODULES = YES;
				CLANG_ENABLE_OBJC_ARC = YES;
				CLANG_ENABLE_OBJC_WEAK = YES;
				CLANG_WARN_BLOCK_CAPTURE_AUTORELEASING = YES;
				CLANG_WARN_BOOL_CONVERSION = YES;
				CLANG_WARN_COMMA = YES;
				CLANG_WARN_CONSTANT_CONVERSION = YES;
				CLANG_WARN_DEPRECATED_OBJC_IMPLEMENTATIONS = YES;
				CLANG_WARN_DIRECT_OBJC_ISA_USAGE = YES_ERROR;
				CLANG_WARN_DOCUMENTATION_COMMENTS = YES;
				CLANG_WARN_EMPTY_BODY = YES;
				CLANG_WARN_ENUM_CONVERSION = YES;
				CLANG_WARN_INFINITE_RECURSION = YES;
				CLANG_WARN_INT_CONVERSION = YES;
				CLANG_WARN_NON_LITERAL_NULL_CONVERSION = YES;
				CLANG_WARN_OBJC_IMPLICIT_RETAIN_SELF = YES;
				CLANG_WARN_OBJC_LITERAL_CONVERSION = YES;
				CLANG_WARN_OBJC_ROOT_CLASS = YES_ERROR;
				CLANG_WARN_RANGE_LOOP_ANALYSIS = YES;
				CLANG_WARN_STRICT_PROTOTYPES = YES;
				CLANG_WARN_SUSPICIOUS_MOVE = YES;
				CLANG_WARN_UNGUARDED_AVAILABILITY = YES_AGGRESSIVE;
				CLANG_WARN_UNREACHABLE_CODE = YES;
				CLANG_WARN__DUPLICATE_METHOD_MATCH = YES;
				COPY_PHASE_STRIP = NO;
				DEBUG_INFORMATION_FORMAT = "dwarf-with-dsym";
				ENABLE_NS_ASSERTIONS = NO;
				ENABLE_STRICT_OBJC_MSGSEND = YES;
				GCC_C_LANGUAGE_STANDARD = gnu11;
				GCC_NO_COMMON_BLOCKS = YES;
				GCC_WARN_64_TO_32_BIT_CONVERSION = YES;
				GCC_WARN_ABOUT_RETURN_TYPE = YES_ERROR;
				GCC_WARN_UNDECLARED_SELECTOR = YES;
				GCC_WARN_UNINITIALIZED_AUTOS = YES_AGGRESSIVE;
				GCC_WARN_UNUSED_FUNCTION = YES;
				GCC_WARN_UNUSED_VARIABLE = YES;
				IPHONEOS_DEPLOYMENT_TARGET = 13.1;
				MTL_ENABLE_DEBUG_INFO = NO;
				MTL_FAST_MATH = YES;
				SDKROOT = iphoneos;
				SWIFT_COMPILATION_MODE = wholemodule;
				SWIFT_OPTIMIZATION_LEVEL = "-O";
				VALIDATE_PRODUCT = YES;
			};
			name = Release;
		};
		7BFC0C6C2435BE73004E9CAC /* Debug */ = {
			isa = XCBuildConfiguration;
			buildSettings = {
				ASSETCATALOG_COMPILER_APPICON_NAME = AppIcon;
				CODE_SIGN_STYLE = Automatic;
				DEVELOPMENT_TEAM = C3JKXP4T84;
				INFOPLIST_FILE = "Beginner-Navigation-Controller/Info.plist";
				LD_RUNPATH_SEARCH_PATHS = (
					"$(inherited)",
					"@executable_path/Frameworks",
				);
				PRODUCT_BUNDLE_IDENTIFIER = "Ahtazaz.Beginner-Navigation-Controller";
				PRODUCT_NAME = "$(TARGET_NAME)";
				SWIFT_VERSION = 5.0;
				TARGETED_DEVICE_FAMILY = "1,2";
			};
			name = Debug;
		};
		7BFC0C6D2435BE73004E9CAC /* Release */ = {
			isa = XCBuildConfiguration;
			buildSettings = {
				ASSETCATALOG_COMPILER_APPICON_NAME = AppIcon;
				CODE_SIGN_STYLE = Automatic;
				DEVELOPMENT_TEAM = C3JKXP4T84;
				INFOPLIST_FILE = "Beginner-Navigation-Controller/Info.plist";
				LD_RUNPATH_SEARCH_PATHS = (
					"$(inherited)",
					"@executable_path/Frameworks",
				);
				PRODUCT_BUNDLE_IDENTIFIER = "Ahtazaz.Beginner-Navigation-Controller";
				PRODUCT_NAME = "$(TARGET_NAME)";
				SWIFT_VERSION = 5.0;
				TARGETED_DEVICE_FAMILY = "1,2";
			};
			name = Release;
		};
/* End XCBuildConfiguration section */

/* Begin XCConfigurationList section */
		7BFC0C522435BE70004E9CAC /* Build configuration list for PBXProject "Beginner-Navigation-Controller" */ = {
			isa = XCConfigurationList;
			buildConfigurations = (
				7BFC0C692435BE73004E9CAC /* Debug */,
				7BFC0C6A2435BE73004E9CAC /* Release */,
			);
			defaultConfigurationIsVisible = 0;
			defaultConfigurationName = Release;
		};
		7BFC0C6B2435BE73004E9CAC /* Build configuration list for PBXNativeTarget "Beginner-Navigation-Controller" */ = {
			isa = XCConfigurationList;
			buildConfigurations = (
				7BFC0C6C2435BE73004E9CAC /* Debug */,
				7BFC0C6D2435BE73004E9CAC /* Release */,
			);
			defaultConfigurationIsVisible = 0;
			defaultConfigurationName = Release;
		};
/* End XCConfigurationList section */
	};
	rootObject = 7BFC0C4F2435BE70004E9CAC /* Project object */;
}
